
Microsoft Visual Studio Solution File, Format Version 12.00
# Visual Studio Version 16
VisualStudioVersion = 16.0.29411.108
MinimumVisualStudioVersion = 10.0.40219.1
Project("{9A19103F-16F7-4668-BE54-9A1E7A4F7556}") = "GarageDI", "GarageDI\GarageDI.csproj", "{6C5CE2A1-7539-413D-B980-F4F24AA1EFC9}"
EndProject
Project("{9A19103F-16F7-4668-BE54-9A1E7A4F7556}") = "ConsoleUI", "ConsoleUI\ConsoleUI.csproj", "{4386A8FD-FB33-4920-89AC-19333DB7A988}"
EndProject
Project("{9A19103F-16F7-4668-BE54-9A1E7A4F7556}") = "VehicleCollection", "VehicleCollection\VehicleCollection.csproj", "{96AE1A25-00A9-4CA2-AF8E-922D18D9ADAD}"
EndProject
Project("{FAE04EC0-301F-11D3-BF4B-00C04F79EFBC}") = "Garage.Di.Tests", "Garage.Di.Tests\Garage.Di.Tests.csproj", "{D38A9E9E-150E-4150-9E20-999F79916583}"
EndProject
Global
	GlobalSection(SolutionConfigurationPlatforms) = preSolution
		Debug|Any CPU = Debug|Any CPU
		Release|Any CPU = Release|Any CPU
	EndGlobalSection
	GlobalSection(ProjectConfigurationPlatforms) = postSolution
		{6C5CE2A1-7539-413D-B980-F4F24AA1EFC9}.Debug|Any CPU.ActiveCfg = Debug|Any CPU
		{6C5CE2A1-7539-413D-B980-F4F24AA1EFC9}.Debug|Any CPU.Build.0 = Debug|Any CPU
		{6C5CE2A1-7539-413D-B980-F4F24AA1EFC9}.Release|Any CPU.ActiveCfg = Release|Any CPU
		{6C5CE2A1-7539-413D-B980-F4F24AA1EFC9}.Release|Any CPU.Build.0 = Release|Any CPU
		{4386A8FD-FB33-4920-89AC-19333DB7A988}.Debug|Any CPU.ActiveCfg = Debug|Any CPU
		{4386A8FD-FB33-4920-89AC-19333DB7A988}.Debug|Any CPU.Build.0 = Debug|Any CPU
		{4386A8FD-FB33-4920-89AC-19333DB7A988}.Release|Any CPU.ActiveCfg = Release|Any CPU
		{4386A8FD-FB33-4920-89AC-19333DB7A988}.Release|Any CPU.Build.0 = Release|Any CPU
		{96AE1A25-00A9-4CA2-AF8E-922D18D9ADAD}.Debug|Any CPU.ActiveCfg = Debug|Any CPU
		{96AE1A25-00A9-4CA2-AF8E-922D18D9ADAD}.Debug|Any CPU.Build.0 = Debug|Any CPU
		{96AE1A25-00A9-4CA2-AF8E-922D18D9ADAD}.Release|Any CPU.ActiveCfg = Release|Any CPU
		{96AE1A25-00A9-4CA2-AF8E-922D18D9ADAD}.Release|Any CPU.Build.0 = Release|Any CPU
		{D38A9E9E-150E-4150-9E20-999F79916583}.Debug|Any CPU.ActiveCfg = Debug|Any CPU
		{D38A9E9E-150E-4150-9E20-999F79916583}.Debug|Any CPU.Build.0 = Debug|Any CPU
		{D38A9E9E-150E-4150-9E20-999F79916583}.Release|Any CPU.ActiveCfg = Release|Any CPU
		{D38A9E9E-150E-4150-9E20-999F79916583}.Release|Any CPU.Build.0 = Release|Any CPU
	EndGlobalSection
	GlobalSection(SolutionProperties) = preSolution
		HideSolutionNode = FALSE
	EndGlobalSection
	GlobalSection(ExtensibilityGlobals) = postSolution
		SolutionGuid = {C334DFF0-E2A7-4EAC-9E2B-42B642A69AB4}
	EndGlobalSection
EndGlobal
